
Microsoft Visual Studio Solution File, Format Version 12.00
# Visual Studio Version 17
VisualStudioVersion = 17.0.32112.339
MinimumVisualStudioVersion = 10.0.40219.1
Project("{2150E333-8FDC-42A3-9474-1A3956D46DE8}") = "Serivces", "Serivces", "{43BB6795-EF27-4665-A083-8AC3068F9BF6}"
EndProject
Project("{2150E333-8FDC-42A3-9474-1A3956D46DE8}") = "WebApps", "WebApps", "{CD615519-2C93-4948-8321-5C635CF1BD87}"
EndProject
Project("{2150E333-8FDC-42A3-9474-1A3956D46DE8}") = "Cadastros", "Cadastros", "{34CB112C-D0F3-44F7-A2B6-55F18CCE485B}"
EndProject
Project("{2150E333-8FDC-42A3-9474-1A3956D46DE8}") = "Catalago", "Catalago", "{7A6C454D-90B0-426D-9C29-ECF1BCEBE4BB}"
EndProject
Project("{2150E333-8FDC-42A3-9474-1A3956D46DE8}") = "Core", "Core", "{A5BA2703-537E-47D6-BD99-E9EF2A581D44}"
EndProject
Project("{2150E333-8FDC-42A3-9474-1A3956D46DE8}") = "Fiscal", "Fiscal", "{D3EDB533-7C4A-41B1-B656-046DAD49411B}"
EndProject
Project("{2150E333-8FDC-42A3-9474-1A3956D46DE8}") = "Pagamentos", "Pagamentos", "{6F07A1E0-3A77-4B8E-8656-9986CB870478}"
EndProject
Project("{2150E333-8FDC-42A3-9474-1A3956D46DE8}") = "Vendas", "Vendas", "{278DE01B-EAB3-4AAF-BA8E-99C56345DE38}"
EndProject
Project("{9A19103F-16F7-4668-BE54-9A1E7A4F7556}") = "MyStore.Catalago.Domain", "src\MyStore.Catalago.Domain\MyStore.Catalago.Domain.csproj", "{816C2630-2B4D-4BA6-B448-0C1273200743}"
EndProject
Project("{9A19103F-16F7-4668-BE54-9A1E7A4F7556}") = "MyStore.Core", "src\MyStore.Core\MyStore.Core.csproj", "{ABE00B7F-9792-4E1C-91B0-D68CC85D933E}"
EndProject
Project("{2150E333-8FDC-42A3-9474-1A3956D46DE8}") = "Tests", "Tests", "{B2E7839F-BB99-4D18-9CE0-6B8BE9358A4F}"
EndProject
Project("{9A19103F-16F7-4668-BE54-9A1E7A4F7556}") = "MyStore.Catalogo.Domain.Tests", "tests\MyStore.Catalogo.Domain.Tests\MyStore.Catalogo.Domain.Tests.csproj", "{0905AA02-B5FF-46A7-8FC1-EBB203B0B37F}"
EndProject
Project("{9A19103F-16F7-4668-BE54-9A1E7A4F7556}") = "MyStore.Catalago.Data", "MyStore.Catalago.Data\MyStore.Catalago.Data.csproj", "{736FB732-A869-4D05-8C7A-EC18FB24C08D}"
EndProject
Project("{FAE04EC0-301F-11D3-BF4B-00C04F79EFBC}") = "MyStore.Catalago.Application", "src\MyStore.Catalago.Application\MyStore.Catalago.Application.csproj", "{E99B92B3-218E-4069-8D78-0ED8867A3707}"
EndProject
Global
	GlobalSection(SolutionConfigurationPlatforms) = preSolution
		Debug|Any CPU = Debug|Any CPU
		Release|Any CPU = Release|Any CPU
	EndGlobalSection
	GlobalSection(ProjectConfigurationPlatforms) = postSolution
		{816C2630-2B4D-4BA6-B448-0C1273200743}.Debug|Any CPU.ActiveCfg = Debug|Any CPU
		{816C2630-2B4D-4BA6-B448-0C1273200743}.Debug|Any CPU.Build.0 = Debug|Any CPU
		{816C2630-2B4D-4BA6-B448-0C1273200743}.Release|Any CPU.ActiveCfg = Release|Any CPU
		{816C2630-2B4D-4BA6-B448-0C1273200743}.Release|Any CPU.Build.0 = Release|Any CPU
		{ABE00B7F-9792-4E1C-91B0-D68CC85D933E}.Debug|Any CPU.ActiveCfg = Debug|Any CPU
		{ABE00B7F-9792-4E1C-91B0-D68CC85D933E}.Debug|Any CPU.Build.0 = Debug|Any CPU
		{ABE00B7F-9792-4E1C-91B0-D68CC85D933E}.Release|Any CPU.ActiveCfg = Release|Any CPU
		{ABE00B7F-9792-4E1C-91B0-D68CC85D933E}.Release|Any CPU.Build.0 = Release|Any CPU
		{0905AA02-B5FF-46A7-8FC1-EBB203B0B37F}.Debug|Any CPU.ActiveCfg = Debug|Any CPU
		{0905AA02-B5FF-46A7-8FC1-EBB203B0B37F}.Debug|Any CPU.Build.0 = Debug|Any CPU
		{0905AA02-B5FF-46A7-8FC1-EBB203B0B37F}.Release|Any CPU.ActiveCfg = Release|Any CPU
		{0905AA02-B5FF-46A7-8FC1-EBB203B0B37F}.Release|Any CPU.Build.0 = Release|Any CPU
		{736FB732-A869-4D05-8C7A-EC18FB24C08D}.Debug|Any CPU.ActiveCfg = Debug|Any CPU
		{736FB732-A869-4D05-8C7A-EC18FB24C08D}.Debug|Any CPU.Build.0 = Debug|Any CPU
		{736FB732-A869-4D05-8C7A-EC18FB24C08D}.Release|Any CPU.ActiveCfg = Release|Any CPU
		{736FB732-A869-4D05-8C7A-EC18FB24C08D}.Release|Any CPU.Build.0 = Release|Any CPU
		{E99B92B3-218E-4069-8D78-0ED8867A3707}.Debug|Any CPU.ActiveCfg = Debug|Any CPU
		{E99B92B3-218E-4069-8D78-0ED8867A3707}.Debug|Any CPU.Build.0 = Debug|Any CPU
		{E99B92B3-218E-4069-8D78-0ED8867A3707}.Release|Any CPU.ActiveCfg = Release|Any CPU
		{E99B92B3-218E-4069-8D78-0ED8867A3707}.Release|Any CPU.Build.0 = Release|Any CPU
	EndGlobalSection
	GlobalSection(SolutionProperties) = preSolution
		HideSolutionNode = FALSE
	EndGlobalSection
	GlobalSection(NestedProjects) = preSolution
		{34CB112C-D0F3-44F7-A2B6-55F18CCE485B} = {43BB6795-EF27-4665-A083-8AC3068F9BF6}
		{7A6C454D-90B0-426D-9C29-ECF1BCEBE4BB} = {43BB6795-EF27-4665-A083-8AC3068F9BF6}
		{A5BA2703-537E-47D6-BD99-E9EF2A581D44} = {43BB6795-EF27-4665-A083-8AC3068F9BF6}
		{D3EDB533-7C4A-41B1-B656-046DAD49411B} = {43BB6795-EF27-4665-A083-8AC3068F9BF6}
		{6F07A1E0-3A77-4B8E-8656-9986CB870478} = {43BB6795-EF27-4665-A083-8AC3068F9BF6}
		{278DE01B-EAB3-4AAF-BA8E-99C56345DE38} = {43BB6795-EF27-4665-A083-8AC3068F9BF6}
		{816C2630-2B4D-4BA6-B448-0C1273200743} = {7A6C454D-90B0-426D-9C29-ECF1BCEBE4BB}
		{ABE00B7F-9792-4E1C-91B0-D68CC85D933E} = {A5BA2703-537E-47D6-BD99-E9EF2A581D44}
		{B2E7839F-BB99-4D18-9CE0-6B8BE9358A4F} = {7A6C454D-90B0-426D-9C29-ECF1BCEBE4BB}
		{0905AA02-B5FF-46A7-8FC1-EBB203B0B37F} = {B2E7839F-BB99-4D18-9CE0-6B8BE9358A4F}
		{736FB732-A869-4D05-8C7A-EC18FB24C08D} = {7A6C454D-90B0-426D-9C29-ECF1BCEBE4BB}
		{E99B92B3-218E-4069-8D78-0ED8867A3707} = {7A6C454D-90B0-426D-9C29-ECF1BCEBE4BB}
	EndGlobalSection
	GlobalSection(ExtensibilityGlobals) = postSolution
		SolutionGuid = {9FE7EEE8-BE07-4890-9A8B-70429848D2D6}
	EndGlobalSection
EndGlobal
